{
  "lockfile_version": "1",
  "packages": {
    "github:NixOS/nixpkgs/nixpkgs-unstable": {
      "last_modified": "2026-04-02T01:59:51Z",
      "resolved": "github:NixOS/nixpkgs/106eb93cbb9d4e4726bf6bc367a3114f7ed6b32f?lastModified=1775095191&narHash=sha256-CsqRiYbgQyv01LS0NlC7shwzhDhjNDQSrhBX8VuD3nM%3D"
    },
    "nodejs@latest": {
      "last_modified": "2026-03-27T11:17:38Z",
      "plugin_version": "0.0.2",
      "resolved": "github:NixOS/nixpkgs/832efc09b4caf6b4569fbf9dc01bec3082a00611#nodejs_25",
      "source": "devbox-search",
      "version": "25.8.2",
      "systems": {
        "aarch64-darwin": {
          "outputs": [
            {
              "name": "out",
              "path": "/nix/store/qflz0c97921bn5i3jc49dy24hhwpk67d-nodejs-25.8.2",
              "default": true
            }
          ],
          "store_path": "/nix/store/qflz0c97921bn5i3jc49dy24hhwpk67d-nodejs-25.8.2"
        },
        "aarch64-linux": {
          "outputs": [
            {
              "name": "out",
              "path": "/nix/store/vdakqgvs2qjrdsrjz3wpwn39yvj0fmvv-nodejs-25.8.2",
              "default": true
            }
          ],
          "store_path": "/nix/store/vdakqgvs2qjrdsrjz3wpwn39yvj0fmvv-nodejs-25.8.2"
        },
        "x86_64-darwin": {
          "outputs": [
            {
              "name": "out",
              "path": "/nix/store/d94jkiwkdf3qm25pchchdx37sh4fy4g7-nodejs-25.8.2",
              "default": true
            }
          ],
          "store_path": "/nix/store/d94jkiwkdf3qm25pchchdx37sh4fy4g7-nodejs-25.8.2"
        },
        "x86_64-linux": {
          "outputs": [
            {
              "name": "out",
              "path": "/nix/store/qads515hyg9b6vs0l1cyxhggvc98ycdx-nodejs-25.8.2",
              "default": true
            }
          ],
          "store_path": "/nix/store/qads515hyg9b6vs0l1cyxhggvc98ycdx-nodejs-25.8.2"
        }
      }
    }
  }
}
